lockfileVersion: '9.0'

settings:
  autoInstallPeers: true
  excludeLinksFromLockfile: false

importers:

  .:
    dependencies:
      '@aws-sdk/client-s3':
        specifier: ^3.1095.0
        version: 3.1095.0

packages:

  '@aws-sdk/checksums@3.1000.20':
    resolution: {integrity: sha512-uc5PMNcLcs+UBSLGsRjbMZKi3mgnPSalXpABw9Xjo0DMrv4gjIa/E4a02yJsuU4FF6Tmvis/JgGdKNIOoN4DQw==}
    engines: {node: '>=20.0.0'}

  '@aws-sdk/client-s3@3.1095.0':
    resolution: {integrity: sha512-eeobm3TKci47CTTHIxc5s5UDjLL0gTKfjlcyzKU+NMoeIJ3flKPq51Fhi2nUDiMNbzsY5HAynM3bHAQFHxRTUw==}
    engines: {node: '>=20.0.0'}

  '@aws-sdk/core@3.977.1':
    resolution: {integrity: sha512-KVtQRtc00ES/y+Sc3vYXeP6pCIcNlBJCZOwvqSy8ZpVGmbM5+IG+AfhuTKQ2oXmIVqZJewaGMMpzPkywC6xg0w==}
    engines: {node: '>=20.0.0'}

  '@aws-sdk/credential-provider-env@3.972.61':
    resolution: {integrity: sha512-qihs2ekMb89Nxd2JenCgVFhjbkb3EIo7HEBCBzyZACKVJdrLUZBLOmAE3xr0Sayml8n/jZSzwO/IufIiIzO7PQ==}
    engines: {node: '>=20.0.0'}

  '@aws-sdk/credential-provider-http@3.972.63':
    resolution: {integrity: sha512-yfozsS8wkWZEi/n6IsrodcFKBWZ0iNAezhJbTReMNc0z1Px17qdeAeuL1/wziCAmCZyXiW7QzP75ggJkBQv8jQ==}
    engines: {node: '>=20.0.0'}

  '@aws-sdk/credential-provider-ini@3.973.6':
    resolution: {integrity: sha512-jGLTW1bj148GL/6/IMlfY2fMYS9FtHOG+NahkFD4y0qkzYudNUahelxryY68/HGMslYuHClk1XaS/3b3eJzEkg==}
    engines: {node: '>=20.0.0'}

  '@aws-sdk/credential-provider-login@3.972.68':
    resolution: {integrity: sha512-w6tNci6g7RqFpLhj1f5xseBvaNojb4Pkgp5Jp5apl9hrJtaf2AA+rX9+qlhlWUK6kcyAFYPA7emO+55zj+S98Q==}
    engines: {node: '>=20.0.0'}

  '@aws-sdk/credential-provider-node@3.972.72':
    resolution: {integrity: sha512-blQ7F5QGzylnzeh5549zQLoCAiMHkXFLjFovEMaVy4b2X8JhUu+u9NXro1hyK95YHdVFNmBHKs2hIHtZchxKlQ==}
    engines: {node: '>=20.0.0'}

  '@aws-sdk/credential-provider-process@3.972.61':
    resolution: {integrity: sha512-xzRuj+fUVO4nkafKQJVKAF97kGpeQbfjuwmRrtGZNf42/1dkmcz6o7dswBy7alY0htQn5sCL1GWQYEykviWZkA==}
    engines: {node: '>=20.0.0'}

  '@aws-sdk/credential-provider-sso@3.973.5':
    resolution: {integrity: sha512-fZRjjWhLFelsDoOYjqShQTrIGYC3Pf9Mx9Czf+1ikfQDgktxjze33dVo1q1/ZQ+T0qbtejVoHNHrfD5aJVpv/w==}
    engines: {node: '>=20.0.0'}

  '@aws-sdk/credential-provider-web-identity@3.972.67':
    resolution: {integrity: sha512-FTNZ05gkPBA6CKbU3N4zPgybV+stdazwMOya75CmGdcJL7p8Fw/BdHP8WVxJd0mvzyPK2cg/C3gli58Ir4HgCw==}
    engines: {node: '>=20.0.0'}

  '@aws-sdk/middleware-sdk-s3@3.972.66':
    resolution: {integrity: sha512-sTZKP1+SvyzWc/3alO8AM/PUiEzDCmn2P/KOcFFSk2UKzKZkB5ZxXdlHVtACE7DHaMFvx6DY0bognwHa1qTv4g==}
    engines: {node: '>=20.0.0'}

  '@aws-sdk/nested-clients@3.997.35':
    resolution: {integrity: sha512-2MJfseVG/aXvIyOIBlYA/Oaf6qFDdsu4D8RKsEUdOQpVuLaor0BdxIBBtJLBNQQEe6Ku3YMvLljwb1MwVUpzRw==}
    engines: {node: '>=20.0.0'}

  '@aws-sdk/signature-v4-multi-region@3.996.42':
    resolution: {integrity: sha512-DBV4naZP6HYBlAvPpoQzOP12Wvfou/5rN8yJPXjBTBylU5qwCbh/tXr2MddHoIjgoRkEl/eS+IljiUqvmwey1Q==}
    engines: {node: '>=20.0.0'}

  '@aws-sdk/token-providers@3.1095.0':
    resolution: {integrity: sha512-65SudS6y4nzaYHybtqcpm3sHe5jLhdMn68HRKS1nUx690BtQeaAQOoujQ+dpOjBATIVGVgKKjEP8tR+U06QJQA==}
    engines: {node: '>=20.0.0'}

  '@aws-sdk/types@3.974.2':
    resolution: {integrity: sha512-3W6IUtSxFbH6X7Wb7DzGCV5QiFQsd0g8bOfntpmDxQlzBoKWUMBu/JPQR0DwkE+Hpnxd6db1tXbOwdeHddG6cA==}
    engines: {node: '>=20.0.0'}

  '@aws-sdk/xml-builder@3.972.37':
    resolution: {integrity: sha512-zKq4HQum8JwDyEuyfuI4bbiAcU0KxP6qy+9PR/IsR92IyE/DaBAikzAS50tjxip4bqIIANpCcG+Yyj6CVhXupg==}
    engines: {node: '>=20.0.0'}

  '@aws/lambda-invoke-store@0.3.0':
    resolution: {integrity: sha512-sl4Bm6yiMNYrZKkqqDFWN0UfnWhlS8ivKxrYl+6t0gCLrqr8y3B2IqZZbFRkfaVVp7C/baApyh71P+LeE1A2sQ==}
    engines: {node: '>=18.0.0'}

  '@smithy/core@3.30.0':
    resolution: {integrity: sha512-dl2yRglDxfzH9uJ4fSo4zTaAHa0zH7+V7BZMRWy8hEYIKT1BiqMUK/CN6T3ADQ3kbA5N1tmUulroJ2UtONS7Kw==}
    engines: {node: '>=18.0.0'}

  '@smithy/credential-provider-imds@4.4.14':
    resolution: {integrity: sha512-QgbuahIb2qxQeZQvNK0sw3aF3JH5zwH8j2lLp5DUasVXexGGMWULAR+7z0omPXFolCP/m5wN9M5lm9EGdSviTQ==}
    engines: {node: '>=18.0.0'}

  '@smithy/fetch-http-handler@5.6.11':
    resolution: {integrity: sha512-o0Zkj1nKqJAoq+a+BrkhU39tRftMNjLwpc/z06Frfl43wpbHrJMaSAVZE4vTqlxtVkNaGaT0bIDxOp7tkFTuQQ==}
    engines: {node: '>=18.0.0'}

  '@smithy/node-http-handler@4.9.11':
    resolution: {integrity: sha512-slbzbz8taEOzoXv/9y34YNBoE+ZHmddLykCgjDAjvMAsu2nM5s2Gzwa5OGF721tD8s+CKeFUBds5lSj9lcbuDg==}
    engines: {node: '>=18.0.0'}

  '@smithy/signature-v4@5.6.10':
    resolution: {integrity: sha512-EXhWePm3SXJAX38npIy4TXL2Aex/OVgCClTjelN2QHw/U+8CQUH8C7AaxsVzQcYieYPseywn48s89DmvuGjiAg==}
    engines: {node: '>=18.0.0'}

  '@smithy/types@4.16.1':
    resolution: {integrity: sha512-0JFs3V2y2M9tKW5na/qxe69Zv+uxLMO7QBbhxF/FHu/Gp2NFZAAL9tWl9PU02xxo07pb3G9FTyjNc6D5uZrJIg==}
    engines: {node: '>=18.0.0'}

  bowser@2.14.1:
    resolution: {integrity: sha512-tzPjzCxygAKWFOJP011oxFHs57HzIhOEracIgAePE4pqB3LikALKnSzUyU4MGs9/iCEUuHlAJTjTc5M+u7YEGg==}

  tslib@2.8.1:
    resolution: {integrity: sha512-oJFu94HQb+KVduSUQL7wnpmqnfmLsOA/nAh6b6EH0wCEoK0/mPeXU6c3wKDV83MkOuHPRHtSXKKU99IBazS/2w==}

snapshots:

  '@aws-sdk/checksums@3.1000.20':
    dependencies:
      '@aws-sdk/core': 3.977.1
      '@aws-sdk/types': 3.974.2
      '@smithy/core': 3.30.0
      '@smithy/types': 4.16.1
      tslib: 2.8.1

  '@aws-sdk/client-s3@3.1095.0':
    dependencies:
      '@aws-sdk/checksums': 3.1000.20
      '@aws-sdk/core': 3.977.1
      '@aws-sdk/credential-provider-node': 3.972.72
      '@aws-sdk/middleware-sdk-s3': 3.972.66
      '@aws-sdk/signature-v4-multi-region': 3.996.42
      '@aws-sdk/types': 3.974.2
      '@smithy/core': 3.30.0
      '@smithy/fetch-http-handler': 5.6.11
      '@smithy/node-http-handler': 4.9.11
      '@smithy/types': 4.16.1
      tslib: 2.8.1

  '@aws-sdk/core@3.977.1':
    dependencies:
      '@aws-sdk/types': 3.974.2
      '@aws-sdk/xml-builder': 3.972.37
      '@aws/lambda-invoke-store': 0.3.0
      '@smithy/core': 3.30.0
      '@smithy/signature-v4': 5.6.10
      '@smithy/types': 4.16.1
      bowser: 2.14.1
      tslib: 2.8.1

  '@aws-sdk/credential-provider-env@3.972.61':
    dependencies:
      '@aws-sdk/core': 3.977.1
      '@aws-sdk/types': 3.974.2
      '@smithy/core': 3.30.0
      '@smithy/types': 4.16.1
      tslib: 2.8.1

  '@aws-sdk/credential-provider-http@3.972.63':
    dependencies:
      '@aws-sdk/core': 3.977.1
      '@aws-sdk/types': 3.974.2
      '@smithy/core': 3.30.0
      '@smithy/fetch-http-handler': 5.6.11
      '@smithy/node-http-handler': 4.9.11
      '@smithy/types': 4.16.1
      tslib: 2.8.1

  '@aws-sdk/credential-provider-ini@3.973.6':
    dependencies:
      '@aws-sdk/core': 3.977.1
      '@aws-sdk/credential-provider-env': 3.972.61
      '@aws-sdk/credential-provider-http': 3.972.63
      '@aws-sdk/credential-provider-login': 3.972.68
      '@aws-sdk/credential-provider-process': 3.972.61
      '@aws-sdk/credential-provider-sso': 3.973.5
      '@aws-sdk/credential-provider-web-identity': 3.972.67
      '@aws-sdk/nested-clients': 3.997.35
      '@aws-sdk/types': 3.974.2
      '@smithy/core': 3.30.0
      '@smithy/credential-provider-imds': 4.4.14
      '@smithy/types': 4.16.1
      tslib: 2.8.1

  '@aws-sdk/credential-provider-login@3.972.68':
    dependencies:
      '@aws-sdk/core': 3.977.1
      '@aws-sdk/nested-clients': 3.997.35
      '@aws-sdk/types': 3.974.2
      '@smithy/core': 3.30.0
      '@smithy/types': 4.16.1
      tslib: 2.8.1

  '@aws-sdk/credential-provider-node@3.972.72':
    dependencies:
      '@aws-sdk/credential-provider-env': 3.972.61
      '@aws-sdk/credential-provider-http': 3.972.63
      '@aws-sdk/credential-provider-ini': 3.973.6
      '@aws-sdk/credential-provider-process': 3.972.61
      '@aws-sdk/credential-provider-sso': 3.973.5
      '@aws-sdk/credential-provider-web-identity': 3.972.67
      '@aws-sdk/types': 3.974.2
      '@smithy/core': 3.30.0
      '@smithy/credential-provider-imds': 4.4.14
      '@smithy/types': 4.16.1
      tslib: 2.8.1

  '@aws-sdk/credential-provider-process@3.972.61':
    dependencies:
      '@aws-sdk/core': 3.977.1
      '@aws-sdk/types': 3.974.2
      '@smithy/core': 3.30.0
      '@smithy/types': 4.16.1
      tslib: 2.8.1

  '@aws-sdk/credential-provider-sso@3.973.5':
    dependencies:
      '@aws-sdk/core': 3.977.1
      '@aws-sdk/nested-clients': 3.997.35
      '@aws-sdk/token-providers': 3.1095.0
      '@aws-sdk/types': 3.974.2
      '@smithy/core': 3.30.0
      '@smithy/types': 4.16.1
      tslib: 2.8.1

  '@aws-sdk/credential-provider-web-identity@3.972.67':
    dependencies:
      '@aws-sdk/core': 3.977.1
      '@aws-sdk/nested-clients': 3.997.35
      '@aws-sdk/types': 3.974.2
      '@smithy/core': 3.30.0
      '@smithy/types': 4.16.1
      tslib: 2.8.1

  '@aws-sdk/middleware-sdk-s3@3.972.66':
    dependencies:
      '@aws-sdk/core': 3.977.1
      '@aws-sdk/signature-v4-multi-region': 3.996.42
      '@aws-sdk/types': 3.974.2
      '@smithy/core': 3.30.0
      '@smithy/types': 4.16.1
      tslib: 2.8.1

  '@aws-sdk/nested-clients@3.997.35':
    dependencies:
      '@aws-sdk/core': 3.977.1
      '@aws-sdk/signature-v4-multi-region': 3.996.42
      '@aws-sdk/types': 3.974.2
      '@smithy/core': 3.30.0
      '@smithy/fetch-http-handler': 5.6.11
      '@smithy/node-http-handler': 4.9.11
      '@smithy/types': 4.16.1
      tslib: 2.8.1

  '@aws-sdk/signature-v4-multi-region@3.996.42':
    dependencies:
      '@aws-sdk/types': 3.974.2
      '@smithy/signature-v4': 5.6.10
      '@smithy/types': 4.16.1
      tslib: 2.8.1

  '@aws-sdk/token-providers@3.1095.0':
    dependencies:
      '@aws-sdk/core': 3.977.1
      '@aws-sdk/nested-clients': 3.997.35
      '@aws-sdk/types': 3.974.2
      '@smithy/core': 3.30.0
      '@smithy/types': 4.16.1
      tslib: 2.8.1

  '@aws-sdk/types@3.974.2':
    dependencies:
      '@smithy/types': 4.16.1
      tslib: 2.8.1

  '@aws-sdk/xml-builder@3.972.37':
    dependencies:
      '@smithy/types': 4.16.1
      tslib: 2.8.1

  '@aws/lambda-invoke-store@0.3.0': {}

  '@smithy/core@3.30.0':
    dependencies:
      '@smithy/types': 4.16.1
      tslib: 2.8.1

  '@smithy/credential-provider-imds@4.4.14':
    dependencies:
      '@smithy/core': 3.30.0
      '@smithy/types': 4.16.1
      tslib: 2.8.1

  '@smithy/fetch-http-handler@5.6.11':
    dependencies:
      '@smithy/core': 3.30.0
      '@smithy/types': 4.16.1
      tslib: 2.8.1

  '@smithy/node-http-handler@4.9.11':
    dependencies:
      '@smithy/core': 3.30.0
      '@smithy/types': 4.16.1
      tslib: 2.8.1

  '@smithy/signature-v4@5.6.10':
    dependencies:
      '@smithy/core': 3.30.0
      '@smithy/types': 4.16.1
      tslib: 2.8.1

  '@smithy/types@4.16.1':
    dependencies:
      tslib: 2.8.1

  bowser@2.14.1: {}

  tslib@2.8.1: {}
